
Microsoft Visual Studio Solution File, Format Version 12.00
# Visual Studio Version 17
VisualStudioVersion = 17.0.31903.59
MinimumVisualStudioVersion = 10.0.40219.1
Project("{2150E333-8FDC-42A3-9474-1A3956D46DE8}") = "src", "src", "{827E0CD3-B72D-47B6-A68D-7590B98EB39B}"
EndProject
Project("{FAE04EC0-301F-11D3-BF4B-00C04F79EFBC}") = "WebApi", "src\WebApi\WebApi.csproj", "{8AFA6561-B417-4C02-B5E8-8E0EE24D2C0B}"
EndProject
Project("{FAE04EC0-301F-11D3-BF4B-00C04F79EFBC}") = "Application.Test", "tests\Application.Test\Application.Test.csproj", "{25BA13B0-E4B3-4514-8C93-824A6D99492D}"
EndProject
Project("{FAE04EC0-301F-11D3-BF4B-00C04F79EFBC}") = "Application", "src\Application\Application.csproj", "{89486445-0527-4885-B9CC-AF9F424773AB}"
EndProject
Project("{FAE04EC0-301F-11D3-BF4B-00C04F79EFBC}") = "Domain", "src\Domain\Domain.csproj", "{DBAB3FBF-CEEA-431D-9800-9F63A1D84E05}"
EndProject
Project("{2150E333-8FDC-42A3-9474-1A3956D46DE8}") = "tests", "tests", "{8BD14DC4-2314-45BF-AB8E-EA4B962CE35A}"
EndProject
Project("{2150E333-8FDC-42A3-9474-1A3956D46DE8}") = "Solution Items", "Solution Items", "{2CADFCA2-9EE1-4280-8949-9A03E2B83140}"
	ProjectSection(SolutionItems) = preProject
		docker-compose.yaml = docker-compose.yaml
	EndProjectSection
EndProject
Project("{FAE04EC0-301F-11D3-BF4B-00C04F79EFBC}") = "Infrastructure", "src\Infrastructure\Infrastructure.csproj", "{A3FA1B67-A908-4981-89CC-AF9CA4BBCEB4}"
EndProject
Project("{FAE04EC0-301F-11D3-BF4B-00C04F79EFBC}") = "Infrastructure.Test", "tests\Infrastructure.Test\Infrastructure.Test.csproj", "{BC2DA724-6FC0-4EB7-AE29-D14DDFFDF577}"
EndProject
Project("{FAE04EC0-301F-11D3-BF4B-00C04F79EFBC}") = "WebApi.Integration.Test", "tests\WebApi.Integration.Test\WebApi.Integration.Test.csproj", "{DCF50FE9-B79A-4902-BBAF-A85428D0C5D1}"
EndProject
Global
	GlobalSection(SolutionConfigurationPlatforms) = preSolution
		Debug|Any CPU = Debug|Any CPU
		Debug|x64 = Debug|x64
		Debug|x86 = Debug|x86
		Release|Any CPU = Release|Any CPU
		Release|x64 = Release|x64
		Release|x86 = Release|x86
	EndGlobalSection
	GlobalSection(ProjectConfigurationPlatforms) = postSolution
		{8AFA6561-B417-4C02-B5E8-8E0EE24D2C0B}.Debug|Any CPU.ActiveCfg = Debug|Any CPU
		{8AFA6561-B417-4C02-B5E8-8E0EE24D2C0B}.Debug|Any CPU.Build.0 = Debug|Any CPU
		{8AFA6561-B417-4C02-B5E8-8E0EE24D2C0B}.Debug|x64.ActiveCfg = Debug|Any CPU
		{8AFA6561-B417-4C02-B5E8-8E0EE24D2C0B}.Debug|x64.Build.0 = Debug|Any CPU
		{8AFA6561-B417-4C02-B5E8-8E0EE24D2C0B}.Debug|x86.ActiveCfg = Debug|Any CPU
		{8AFA6561-B417-4C02-B5E8-8E0EE24D2C0B}.Debug|x86.Build.0 = Debug|Any CPU
		{8AFA6561-B417-4C02-B5E8-8E0EE24D2C0B}.Release|Any CPU.ActiveCfg = Release|Any CPU
		{8AFA6561-B417-4C02-B5E8-8E0EE24D2C0B}.Release|Any CPU.Build.0 = Release|Any CPU
		{8AFA6561-B417-4C02-B5E8-8E0EE24D2C0B}.Release|x64.ActiveCfg = Release|Any CPU
		{8AFA6561-B417-4C02-B5E8-8E0EE24D2C0B}.Release|x64.Build.0 = Release|Any CPU
		{8AFA6561-B417-4C02-B5E8-8E0EE24D2C0B}.Release|x86.ActiveCfg = Release|Any CPU
		{8AFA6561-B417-4C02-B5E8-8E0EE24D2C0B}.Release|x86.Build.0 = Release|Any CPU
		{25BA13B0-E4B3-4514-8C93-824A6D99492D}.Debug|Any CPU.ActiveCfg = Debug|Any CPU
		{25BA13B0-E4B3-4514-8C93-824A6D99492D}.Debug|Any CPU.Build.0 = Debug|Any CPU
		{25BA13B0-E4B3-4514-8C93-824A6D99492D}.Debug|x64.ActiveCfg = Debug|Any CPU
		{25BA13B0-E4B3-4514-8C93-824A6D99492D}.Debug|x64.Build.0 = Debug|Any CPU
		{25BA13B0-E4B3-4514-8C93-824A6D99492D}.Debug|x86.ActiveCfg = Debug|Any CPU
		{25BA13B0-E4B3-4514-8C93-824A6D99492D}.Debug|x86.Build.0 = Debug|Any CPU
		{25BA13B0-E4B3-4514-8C93-824A6D99492D}.Release|Any CPU.ActiveCfg = Release|Any CPU
		{25BA13B0-E4B3-4514-8C93-824A6D99492D}.Release|Any CPU.Build.0 = Release|Any CPU
		{25BA13B0-E4B3-4514-8C93-824A6D99492D}.Release|x64.ActiveCfg = Release|Any CPU
		{25BA13B0-E4B3-4514-8C93-824A6D99492D}.Release|x64.Build.0 = Release|Any CPU
		{25BA13B0-E4B3-4514-8C93-824A6D99492D}.Release|x86.ActiveCfg = Release|Any CPU
		{25BA13B0-E4B3-4514-8C93-824A6D99492D}.Release|x86.Build.0 = Release|Any CPU
		{89486445-0527-4885-B9CC-AF9F424773AB}.Debug|Any CPU.ActiveCfg = Debug|Any CPU
		{89486445-0527-4885-B9CC-AF9F424773AB}.Debug|Any CPU.Build.0 = Debug|Any CPU
		{89486445-0527-4885-B9CC-AF9F424773AB}.Debug|x64.ActiveCfg = Debug|Any CPU
		{89486445-0527-4885-B9CC-AF9F424773AB}.Debug|x64.Build.0 = Debug|Any CPU
		{89486445-0527-4885-B9CC-AF9F424773AB}.Debug|x86.ActiveCfg = Debug|Any CPU
		{89486445-0527-4885-B9CC-AF9F424773AB}.Debug|x86.Build.0 = Debug|Any CPU
		{89486445-0527-4885-B9CC-AF9F424773AB}.Release|Any CPU.ActiveCfg = Release|Any CPU
		{89486445-0527-4885-B9CC-AF9F424773AB}.Release|Any CPU.Build.0 = Release|Any CPU
		{89486445-0527-4885-B9CC-AF9F424773AB}.Release|x64.ActiveCfg = Release|Any CPU
		{89486445-0527-4885-B9CC-AF9F424773AB}.Release|x64.Build.0 = Release|Any CPU
		{89486445-0527-4885-B9CC-AF9F424773AB}.Release|x86.ActiveCfg = Release|Any CPU
		{89486445-0527-4885-B9CC-AF9F424773AB}.Release|x86.Build.0 = Release|Any CPU
		{DBAB3FBF-CEEA-431D-9800-9F63A1D84E05}.Debug|Any CPU.ActiveCfg = Debug|Any CPU
		{DBAB3FBF-CEEA-431D-9800-9F63A1D84E05}.Debug|Any CPU.Build.0 = Debug|Any CPU
		{DBAB3FBF-CEEA-431D-9800-9F63A1D84E05}.Debug|x64.ActiveCfg = Debug|Any CPU
		{DBAB3FBF-CEEA-431D-9800-9F63A1D84E05}.Debug|x64.Build.0 = Debug|Any CPU
		{DBAB3FBF-CEEA-431D-9800-9F63A1D84E05}.Debug|x86.ActiveCfg = Debug|Any CPU
		{DBAB3FBF-CEEA-431D-9800-9F63A1D84E05}.Debug|x86.Build.0 = Debug|Any CPU
		{DBAB3FBF-CEEA-431D-9800-9F63A1D84E05}.Release|Any CPU.ActiveCfg = Release|Any CPU
		{DBAB3FBF-CEEA-431D-9800-9F63A1D84E05}.Release|Any CPU.Build.0 = Release|Any CPU
		{DBAB3FBF-CEEA-431D-9800-9F63A1D84E05}.Release|x64.ActiveCfg = Release|Any CPU
		{DBAB3FBF-CEEA-431D-9800-9F63A1D84E05}.Release|x64.Build.0 = Release|Any CPU
		{DBAB3FBF-CEEA-431D-9800-9F63A1D84E05}.Release|x86.ActiveCfg = Release|Any CPU
		{DBAB3FBF-CEEA-431D-9800-9F63A1D84E05}.Release|x86.Build.0 = Release|Any CPU
		{A3FA1B67-A908-4981-89CC-AF9CA4BBCEB4}.Debug|Any CPU.ActiveCfg = Debug|Any CPU
		{A3FA1B67-A908-4981-89CC-AF9CA4BBCEB4}.Debug|Any CPU.Build.0 = Debug|Any CPU
		{A3FA1B67-A908-4981-89CC-AF9CA4BBCEB4}.Debug|x64.ActiveCfg = Debug|Any CPU
		{A3FA1B67-A908-4981-89CC-AF9CA4BBCEB4}.Debug|x64.Build.0 = Debug|Any CPU
		{A3FA1B67-A908-4981-89CC-AF9CA4BBCEB4}.Debug|x86.ActiveCfg = Debug|Any CPU
		{A3FA1B67-A908-4981-89CC-AF9CA4BBCEB4}.Debug|x86.Build.0 = Debug|Any CPU
		{A3FA1B67-A908-4981-89CC-AF9CA4BBCEB4}.Release|Any CPU.ActiveCfg = Release|Any CPU
		{A3FA1B67-A908-4981-89CC-AF9CA4BBCEB4}.Release|Any CPU.Build.0 = Release|Any CPU
		{A3FA1B67-A908-4981-89CC-AF9CA4BBCEB4}.Release|x64.ActiveCfg = Release|Any CPU
		{A3FA1B67-A908-4981-89CC-AF9CA4BBCEB4}.Release|x64.Build.0 = Release|Any CPU
		{A3FA1B67-A908-4981-89CC-AF9CA4BBCEB4}.Release|x86.ActiveCfg = Release|Any CPU
		{A3FA1B67-A908-4981-89CC-AF9CA4BBCEB4}.Release|x86.Build.0 = Release|Any CPU
		{BC2DA724-6FC0-4EB7-AE29-D14DDFFDF577}.Debug|Any CPU.ActiveCfg = Debug|Any CPU
		{BC2DA724-6FC0-4EB7-AE29-D14DDFFDF577}.Debug|Any CPU.Build.0 = Debug|Any CPU
		{BC2DA724-6FC0-4EB7-AE29-D14DDFFDF577}.Debug|x64.ActiveCfg = Debug|Any CPU
		{BC2DA724-6FC0-4EB7-AE29-D14DDFFDF577}.Debug|x64.Build.0 = Debug|Any CPU
		{BC2DA724-6FC0-4EB7-AE29-D14DDFFDF577}.Debug|x86.ActiveCfg = Debug|Any CPU
		{BC2DA724-6FC0-4EB7-AE29-D14DDFFDF577}.Debug|x86.Build.0 = Debug|Any CPU
		{BC2DA724-6FC0-4EB7-AE29-D14DDFFDF577}.Release|Any CPU.ActiveCfg = Release|Any CPU
		{BC2DA724-6FC0-4EB7-AE29-D14DDFFDF577}.Release|Any CPU.Build.0 = Release|Any CPU
		{BC2DA724-6FC0-4EB7-AE29-D14DDFFDF577}.Release|x64.ActiveCfg = Release|Any CPU
		{BC2DA724-6FC0-4EB7-AE29-D14DDFFDF577}.Release|x64.Build.0 = Release|Any CPU
		{BC2DA724-6FC0-4EB7-AE29-D14DDFFDF577}.Release|x86.ActiveCfg = Release|Any CPU
		{BC2DA724-6FC0-4EB7-AE29-D14DDFFDF577}.Release|x86.Build.0 = Release|Any CPU
		{DCF50FE9-B79A-4902-BBAF-A85428D0C5D1}.Debug|Any CPU.ActiveCfg = Debug|Any CPU
		{DCF50FE9-B79A-4902-BBAF-A85428D0C5D1}.Debug|Any CPU.Build.0 = Debug|Any CPU
		{DCF50FE9-B79A-4902-BBAF-A85428D0C5D1}.Debug|x64.ActiveCfg = Debug|Any CPU
		{DCF50FE9-B79A-4902-BBAF-A85428D0C5D1}.Debug|x64.Build.0 = Debug|Any CPU
		{DCF50FE9-B79A-4902-BBAF-A85428D0C5D1}.Debug|x86.ActiveCfg = Debug|Any CPU
		{DCF50FE9-B79A-4902-BBAF-A85428D0C5D1}.Debug|x86.Build.0 = Debug|Any CPU
		{DCF50FE9-B79A-4902-BBAF-A85428D0C5D1}.Release|Any CPU.ActiveCfg = Release|Any CPU
		{DCF50FE9-B79A-4902-BBAF-A85428D0C5D1}.Release|Any CPU.Build.0 = Release|Any CPU
		{DCF50FE9-B79A-4902-BBAF-A85428D0C5D1}.Release|x64.ActiveCfg = Release|Any CPU
		{DCF50FE9-B79A-4902-BBAF-A85428D0C5D1}.Release|x64.Build.0 = Release|Any CPU
		{DCF50FE9-B79A-4902-BBAF-A85428D0C5D1}.Release|x86.ActiveCfg = Release|Any CPU
		{DCF50FE9-B79A-4902-BBAF-A85428D0C5D1}.Release|x86.Build.0 = Release|Any CPU
	EndGlobalSection
	GlobalSection(SolutionProperties) = preSolution
		HideSolutionNode = FALSE
	EndGlobalSection
	GlobalSection(NestedProjects) = preSolution
		{8AFA6561-B417-4C02-B5E8-8E0EE24D2C0B} = {827E0CD3-B72D-47B6-A68D-7590B98EB39B}
		{89486445-0527-4885-B9CC-AF9F424773AB} = {827E0CD3-B72D-47B6-A68D-7590B98EB39B}
		{DBAB3FBF-CEEA-431D-9800-9F63A1D84E05} = {827E0CD3-B72D-47B6-A68D-7590B98EB39B}
		{25BA13B0-E4B3-4514-8C93-824A6D99492D} = {8BD14DC4-2314-45BF-AB8E-EA4B962CE35A}
		{A3FA1B67-A908-4981-89CC-AF9CA4BBCEB4} = {827E0CD3-B72D-47B6-A68D-7590B98EB39B}
		{BC2DA724-6FC0-4EB7-AE29-D14DDFFDF577} = {8BD14DC4-2314-45BF-AB8E-EA4B962CE35A}
		{DCF50FE9-B79A-4902-BBAF-A85428D0C5D1} = {8BD14DC4-2314-45BF-AB8E-EA4B962CE35A}
	EndGlobalSection
EndGlobal
